
Microsoft Visual Studio Solution File, Format Version 12.00
Project("{FAE04EC0-301F-11D3-BF4B-00C04F79EFBC}") = "MiniProjektGenbrug", "MiniProjektGenbrug\MiniProjektGenbrug.csproj", "{26329803-0A9B-4C8F-BBA2-A11AAA790D41}"
EndProject
Global
	GlobalSection(SolutionConfigurationPlatforms) = preSolution
		Debug|Any CPU = Debug|Any CPU
		Release|Any CPU = Release|Any CPU
	EndGlobalSection
	GlobalSection(ProjectConfigurationPlatforms) = postSolution
		{26329803-0A9B-4C8F-BBA2-A11AAA790D41}.Debug|Any CPU.ActiveCfg = Debug|Any CPU
		{26329803-0A9B-4C8F-BBA2-A11AAA790D41}.Debug|Any CPU.Build.0 = Debug|Any CPU
		{26329803-0A9B-4C8F-BBA2-A11AAA790D41}.Release|Any CPU.ActiveCfg = Release|Any CPU
		{26329803-0A9B-4C8F-BBA2-A11AAA790D41}.Release|Any CPU.Build.0 = Release|Any CPU
	EndGlobalSection
EndGlobal
